
Microsoft Visual Studio Solution File, Format Version 12.00
# Visual Studio Version 17
VisualStudioVersion = 17.9.34607.119
MinimumVisualStudioVersion = 10.0.40219.1
Project("{FAE04EC0-301F-11D3-BF4B-00C04F79EFBC}") = "Mnagement system", "Mnagement system.csproj", "{08A64FFA-8654-41C7-B68E-EAB60C5BC0F1}"
EndProject
Global
	GlobalSection(SolutionConfigurationPlatforms) = preSolution
		Debug|Any CPU = Debug|Any CPU
		Release|Any CPU = Release|Any CPU
	EndGlobalSection
	GlobalSection(ProjectConfigurationPlatforms) = postSolution
		{08A64FFA-8654-41C7-B68E-EAB60C5BC0F1}.Debug|Any CPU.ActiveCfg = Debug|Any CPU
		{08A64FFA-8654-41C7-B68E-EAB60C5BC0F1}.Debug|Any CPU.Build.0 = Debug|Any CPU
		{08A64FFA-8654-41C7-B68E-EAB60C5BC0F1}.Release|Any CPU.ActiveCfg = Release|Any CPU
		{08A64FFA-8654-41C7-B68E-EAB60C5BC0F1}.Release|Any CPU.Build.0 = Release|Any CPU
	EndGlobalSection
	GlobalSection(SolutionProperties) = preSolution
		HideSolutionNode = FALSE
	EndGlobalSection
	GlobalSection(ExtensibilityGlobals) = postSolution
		SolutionGuid = {3739D649-51FA-49C8-B26E-536034AE40A8}
	EndGlobalSection
EndGlobal
